
Microsoft Visual Studio Solution File, Format Version 12.00
# Visual Studio Version 16
VisualStudioVersion = 16.0.30717.126
MinimumVisualStudioVersion = 10.0.40219.1
Project("{FAE04EC0-301F-11D3-BF4B-00C04F79EFBC}") = "AKSExample.Client", "AKSExample.Client\AKSExample.Client.csproj", "{20AE05FB-83C4-422F-AA18-48953CDF6865}"
EndProject
Project("{FAE04EC0-301F-11D3-BF4B-00C04F79EFBC}") = "AKSExample.Api", "AKSExample.Api\AKSExample.Api.csproj", "{C963C9A6-EF61-49AB-81AC-B87F45C1B96D}"
EndProject
Project("{E53339B2-1760-4266-BCC7-CA923CBCF16C}") = "docker-compose", "docker-compose.dcproj", "{0C966385-B74A-471E-AE43-72C063DCBD91}"
EndProject
Project("{2150E333-8FDC-42A3-9474-1A3956D46DE8}") = "Solution Items", "Solution Items", "{30597C49-EA67-48E9-98D7-7531F4C7B527}"
	ProjectSection(SolutionItems) = preProject
		deployment.yaml = deployment.yaml
	EndProjectSection
EndProject
Global
	GlobalSection(SolutionConfigurationPlatforms) = preSolution
		Debug|Any CPU = Debug|Any CPU
		Release|Any CPU = Release|Any CPU
	EndGlobalSection
	GlobalSection(ProjectConfigurationPlatforms) = postSolution
		{20AE05FB-83C4-422F-AA18-48953CDF6865}.Debug|Any CPU.ActiveCfg = Debug|Any CPU
		{20AE05FB-83C4-422F-AA18-48953CDF6865}.Debug|Any CPU.Build.0 = Debug|Any CPU
		{20AE05FB-83C4-422F-AA18-48953CDF6865}.Release|Any CPU.ActiveCfg = Release|Any CPU
		{20AE05FB-83C4-422F-AA18-48953CDF6865}.Release|Any CPU.Build.0 = Release|Any CPU
		{C963C9A6-EF61-49AB-81AC-B87F45C1B96D}.Debug|Any CPU.ActiveCfg = Debug|Any CPU
		{C963C9A6-EF61-49AB-81AC-B87F45C1B96D}.Debug|Any CPU.Build.0 = Debug|Any CPU
		{C963C9A6-EF61-49AB-81AC-B87F45C1B96D}.Release|Any CPU.ActiveCfg = Release|Any CPU
		{C963C9A6-EF61-49AB-81AC-B87F45C1B96D}.Release|Any CPU.Build.0 = Release|Any CPU
		{0C966385-B74A-471E-AE43-72C063DCBD91}.Debug|Any CPU.ActiveCfg = Debug|Any CPU
		{0C966385-B74A-471E-AE43-72C063DCBD91}.Debug|Any CPU.Build.0 = Debug|Any CPU
		{0C966385-B74A-471E-AE43-72C063DCBD91}.Release|Any CPU.ActiveCfg = Release|Any CPU
		{0C966385-B74A-471E-AE43-72C063DCBD91}.Release|Any CPU.Build.0 = Release|Any CPU
	EndGlobalSection
	GlobalSection(SolutionProperties) = preSolution
		HideSolutionNode = FALSE
	EndGlobalSection
	GlobalSection(ExtensibilityGlobals) = postSolution
		SolutionGuid = {7B4A9E4D-872D-4855-A0F4-9788C4AB4D94}
	EndGlobalSection
EndGlobal
